{
  "name": "v3-supermall",
  "version": "0.0.0",
  "lockfileVersion": 1,
  "requires": true,
  "dependencies": {
    "@babel/helper-validator-identifier": {
      "version": "7.14.9",
      "resolved": "https://registry.nlark.com/@babel/helper-validator-identifier/download/@babel/helper-validator-identifier-7.14.9.tgz?cache=0&sync_timestamp=1627804408187&other_urls=https%3A%2F%2Fregistry.nlark.com%2F%40babel%2Fhelper-validator-identifier%2Fdownload%2F%40babel%2Fhelper-validator-identifier-7.14.9.tgz",
      "integrity": "sha1-ZlTRcbICT22O4VG/JQlpmRkTHUg="
    },
    "@babel/parser": {
      "version": "7.15.6",
      "resolved": "https://registry.nlark.com/@babel/parser/download/@babel/parser-7.15.6.tgz?cache=0&sync_timestamp=1631216301920&other_urls=https%3A%2F%2Fregistry.nlark.com%2F%40babel%2Fparser%2Fdownload%2F%40babel%2Fparser-7.15.6.tgz",
      "integrity": "sha1-BDuao8MDwHIuU3f++Rl/TPF5ZUk="
    },
    "@babel/types": {
      "version": "7.15.6",
      "resolved": "https://registry.nlark.com/@babel/types/download/@babel/types-7.15.6.tgz?cache=0&sync_timestamp=1631216362613&other_urls=https%3A%2F%2Fregistry.nlark.com%2F%40babel%2Ftypes%2Fdownload%2F%40babel%2Ftypes-7.15.6.tgz",
      "integrity": "sha1-mavcSCGLKIHAWN0KerBbmcm+dY8=",
      "requires": {
        "@babel/helper-validator-identifier": "^7.14.9",
        "to-fast-properties": "^2.0.0"
      }
    },
    "@better-scroll/core": {
      "version": "2.4.2",
      "resolved": "https://registry.nlark.com/@better-scroll/core/download/@better-scroll/core-2.4.2.tgz",
      "integrity": "sha1-5pRwAS15kjoYA0w+STFyD7sG6uU=",
      "requires": {
        "@better-scroll/shared-utils": "^2.4.2"
      }
    },
    "@better-scroll/indicators": {
      "version": "2.4.2",
      "resolved": "https://registry.nlark.com/@better-scroll/indicators/download/@better-scroll/indicators-2.4.2.tgz",
      "integrity": "sha1-nHJkenZOVA8/81aTfFTYLHcceKo=",
      "requires": {
        "@better-scroll/core": "^2.4.2"
      }
    },
    "@better-scroll/infinity": {
      "version": "2.4.2",
      "resolved": "https://registry.nlark.com/@better-scroll/infinity/download/@better-scroll/infinity-2.4.2.tgz",
      "integrity": "sha1-gsPmFVX+rx04gs+jXusczgn5Hhs=",
      "requires": {
        "@better-scroll/core": "^2.4.2"
      }
    },
    "@better-scroll/mouse-wheel": {
      "version": "2.4.2",
      "resolved": "https://registry.nlark.com/@better-scroll/mouse-wheel/download/@better-scroll/mouse-wheel-2.4.2.tgz",
      "integrity": "sha1-3qcKYNwqN5XvatVp0t6ltMfpr0w=",
      "requires": {
        "@better-scroll/core": "^2.4.2"
      }
    },
    "@better-scroll/movable": {
      "version": "2.4.2",
      "resolved": "https://registry.nlark.com/@better-scroll/movable/download/@better-scroll/movable-2.4.2.tgz",
      "integrity": "sha1-84XmXSPOogMf3cUt1OtPUr1fxOc=",
      "requires": {
        "@better-scroll/core": "^2.4.2"
      }
    },
    "@better-scroll/nested-scroll": {
      "version": "2.4.2",
      "resolved": "https://registry.nlark.com/@better-scroll/nested-scroll/download/@better-scroll/nested-scroll-2.4.2.tgz",
      "integrity": "sha1-RGgPSwIXZGElDmvm2V8qxhaaHJg=",
      "requires": {
        "@better-scroll/core": "^2.4.2"
      }
    },
    "@better-scroll/observe-dom": {
      "version": "2.4.2",
      "resolved": "https://registry.nlark.com/@better-scroll/observe-dom/download/@better-scroll/observe-dom-2.4.2.tgz",
      "integrity": "sha1-zB5tgqj1NSXCgsmkvOpdG+jCHJU=",
      "requires": {
        "@better-scroll/core": "^2.4.2"
      }
    },
    "@better-scroll/observe-image": {
      "version": "2.4.2",
      "resolved": "https://registry.nlark.com/@better-scroll/observe-image/download/@better-scroll/observe-image-2.4.2.tgz",
      "integrity": "sha1-tuVdIx0Lslcduxh3jaks+93i3VQ=",
      "requires": {
        "@better-scroll/core": "^2.4.2"
      }
    },
    "@better-scroll/pull-down": {
      "version": "2.4.2",
      "resolved": "https://registry.nlark.com/@better-scroll/pull-down/download/@better-scroll/pull-down-2.4.2.tgz",
      "integrity": "sha1-a5iyi9c+m2lLCFepxzh55wM5y5Y=",
      "requires": {
        "@better-scroll/core": "^2.4.2"
      }
    },
    "@better-scroll/pull-up": {
      "version": "2.4.2",
      "resolved": "https://registry.nlark.com/@better-scroll/pull-up/download/@better-scroll/pull-up-2.4.2.tgz",
      "integrity": "sha1-JTV87ve6x1IJMPBjGJa2OhD4Km8=",
      "requires": {
        "@better-scroll/core": "^2.4.2"
      }
    },
    "@better-scroll/scroll-bar": {
      "version": "2.4.2",
      "resolved": "https://registry.nlark.com/@better-scroll/scroll-bar/download/@better-scroll/scroll-bar-2.4.2.tgz",
      "integrity": "sha1-JXhWodon1l64mawm8BBgr7+AC9s=",
      "requires": {
        "@better-scroll/core": "^2.4.2"
      }
    },
    "@better-scroll/shared-utils": {
      "version": "2.4.2",
      "resolved": "https://registry.nlark.com/@better-scroll/shared-utils/download/@better-scroll/shared-utils-2.4.2.tgz",
      "integrity": "sha1-GsXJdJVycJOiKoAJVgeV3V48GNo="
    },
    "@better-scroll/slide": {
      "version": "2.4.2",
      "resolved": "https://registry.nlark.com/@better-scroll/slide/download/@better-scroll/slide-2.4.2.tgz",
      "integrity": "sha1-AkUorldRai7pm+o0Y4FYnk5qA5w=",
      "requires": {
        "@better-scroll/core": "^2.4.2"
      }
    },
    "@better-scroll/wheel": {
      "version": "2.4.2",
      "resolved": "https://registry.nlark.com/@better-scroll/wheel/download/@better-scroll/wheel-2.4.2.tgz",
      "integrity": "sha1-DddLA1meAagtVdKfbcrXqKUDvXU=",
      "requires": {
        "@better-scroll/core": "^2.4.2"
      }
    },
    "@better-scroll/zoom": {
      "version": "2.4.2",
      "resolved": "https://registry.nlark.com/@better-scroll/zoom/download/@better-scroll/zoom-2.4.2.tgz",
      "integrity": "sha1-wmwt8zEu11sx8CA8Xy5hgavAbF4=",
      "requires": {
        "@better-scroll/core": "^2.4.2"
      }
    },
    "@types/estree": {
      "version": "0.0.48",
      "resolved": "https://registry.nlark.com/@types/estree/download/@types/estree-0.0.48.tgz",
      "integrity": "sha1-GNyAkbKF35DbLyWqfZBs/DlLf3Q=",
      "dev": true
    },
    "@vitejs/plugin-vue": {
      "version": "1.6.2",
      "resolved": "https://registry.nlark.com/@vitejs/plugin-vue/download/@vitejs/plugin-vue-1.6.2.tgz?cache=0&sync_timestamp=1631112343140&other_urls=https%3A%2F%2Fregistry.nlark.com%2F%40vitejs%2Fplugin-vue%2Fdownload%2F%40vitejs%2Fplugin-vue-1.6.2.tgz",
      "integrity": "sha1-QN/jFM/2ENTdAnoLTqKpOiV/P8k=",
      "dev": true
    },
    "@vue-materials/basic-container": {
      "version": "1.0.0",
      "resolved": "https://registry.nlark.com/@vue-materials/basic-container/download/@vue-materials/basic-container-1.0.0.tgz",
      "integrity": "sha1-/E9UkUBbkYK3f9Sv06XcByeKruw=",
      "requires": {
        "vue": "^2.5.16"
      },
      "dependencies": {
        "vue": {
          "version": "2.6.14",
          "resolved": "https://registry.npmmirror.com/vue/download/vue-2.6.14.tgz",
          "integrity": "sha1-5RqlJQJQ1Wmj+606ilpofWA24jU="
        }
      }
    },
    "@vue/compiler-core": {
      "version": "3.2.11",
      "resolved": "https://registry.nlark.com/@vue/compiler-core/download/@vue/compiler-core-3.2.11.tgz?cache=0&sync_timestamp=1631141963549&other_urls=https%3A%2F%2Fregistry.nlark.com%2F%40vue%2Fcompiler-core%2Fdownload%2F%40vue%2Fcompiler-core-3.2.11.tgz",
      "integrity": "sha1-EK83d9ujA+56rmaAKfExy5A5G+4=",
      "requires": {
        "@babel/parser": "^7.15.0",
        "@babel/types": "^7.15.0",
        "@vue/shared": "3.2.11",
        "estree-walker": "^2.0.2",
        "source-map": "^0.6.1"
      }
    },
    "@vue/compiler-dom": {
      "version": "3.2.11",
      "resolved": "https://registry.nlark.com/@vue/compiler-dom/download/@vue/compiler-dom-3.2.11.tgz?cache=0&sync_timestamp=1631141967992&other_urls=https%3A%2F%2Fregistry.nlark.com%2F%40vue%2Fcompiler-dom%2Fdownload%2F%40vue%2Fcompiler-dom-3.2.11.tgz",
      "integrity": "sha1-0Gb44fGBK06IFZOBmt4P5tZUx3Y=",
      "requires": {
        "@vue/compiler-core": "3.2.11",
        "@vue/shared": "3.2.11"
      }
    },
    "@vue/compiler-sfc": {
      "version": "3.2.11",
      "resolved": "https://registry.nlark.com/@vue/compiler-sfc/download/@vue/compiler-sfc-3.2.11.tgz?cache=0&sync_timestamp=1631142112784&other_urls=https%3A%2F%2Fregistry.nlark.com%2F%40vue%2Fcompiler-sfc%2Fdownload%2F%40vue%2Fcompiler-sfc-3.2.11.tgz",
      "integrity": "sha1-Yo+hIjh2DZubM5rC4SWnWSJPrb8=",
      "dev": true,
      "requires": {
        "@babel/parser": "^7.15.0",
        "@babel/types": "^7.15.0",
        "@types/estree": "^0.0.48",
        "@vue/compiler-core": "3.2.11",
        "@vue/compiler-dom": "3.2.11",
        "@vue/compiler-ssr": "3.2.11",
        "@vue/ref-transform": "3.2.11",
        "@vue/shared": "3.2.11",
        "consolidate": "^0.16.0",
        "estree-walker": "^2.0.2",
        "hash-sum": "^2.0.0",
        "lru-cache": "^5.1.1",
        "magic-string": "^0.25.7",
        "merge-source-map": "^1.1.0",
        "postcss": "^8.1.10",
        "postcss-modules": "^4.0.0",
        "postcss-selector-parser": "^6.0.4",
        "source-map": "^0.6.1"
      }
    },
    "@vue/compiler-ssr": {
      "version": "3.2.11",
      "resolved": "https://registry.nlark.com/@vue/compiler-ssr/download/@vue/compiler-ssr-3.2.11.tgz?cache=0&sync_timestamp=1631142208187&other_urls=https%3A%2F%2Fregistry.nlark.com%2F%40vue%2Fcompiler-ssr%2Fdownload%2F%40vue%2Fcompiler-ssr-3.2.11.tgz",
      "integrity": "sha1-cCzvNCllFkW9vgn+WWKAO1piGrs=",
      "dev": true,
      "requires": {
        "@vue/compiler-dom": "3.2.11",
        "@vue/shared": "3.2.11"
      }
    },
    "@vue/devtools-api": {
      "version": "6.0.0-beta.15",
      "resolved": "https://registry.nlark.com/@vue/devtools-api/download/@vue/devtools-api-6.0.0-beta.15.tgz?cache=0&other_urls=https%3A%2F%2Fregistry.nlark.com%2F%40vue%2Fdevtools-api%2Fdownload%2F%40vue%2Fdevtools-api-6.0.0-beta.15.tgz",
      "integrity": "sha1-rXyzhOBi8WW8+cg3MhJb/7wq2D0="
    },
    "@vue/reactivity": {
      "version": "3.2.11",
      "resolved": "https://registry.nlark.com/@vue/reactivity/download/@vue/reactivity-3.2.11.tgz?cache=0&sync_timestamp=1631142360902&other_urls=https%3A%2F%2Fregistry.nlark.com%2F%40vue%2Freactivity%2Fdownload%2F%40vue%2Freactivity-3.2.11.tgz",
      "integrity": "sha1-7ATTOsryuSzKKWBTW+yBsmzFdys=",
      "requires": {
        "@vue/shared": "3.2.11"
      }
    },
    "@vue/ref-transform": {
      "version": "3.2.11",
      "resolved": "https://registry.nlark.com/@vue/ref-transform/download/@vue/ref-transform-3.2.11.tgz?cache=0&sync_timestamp=1631142208490&other_urls=https%3A%2F%2Fregistry.nlark.com%2F%40vue%2Fref-transform%2Fdownload%2F%40vue%2Fref-transform-3.2.11.tgz",
      "integrity": "sha1-TSgrlXDRSFpz579dV8zie0p6ppA=",
      "dev": true,
      "requires": {
        "@babel/parser": "^7.15.0",
        "@vue/compiler-core": "3.2.11",
        "@vue/shared": "3.2.11",
        "estree-walker": "^2.0.2",
        "magic-string": "^0.25.7"
      }
    },
    "@vue/runtime-core": {
      "version": "3.2.11",
      "resolved": "https://registry.nlark.com/@vue/runtime-core/download/@vue/runtime-core-3.2.11.tgz?cache=0&sync_timestamp=1631142361235&other_urls=https%3A%2F%2Fregistry.nlark.com%2F%40vue%2Fruntime-core%2Fdownload%2F%40vue%2Fruntime-core-3.2.11.tgz",
      "integrity": "sha1-Db6AG+S9C/3iUyJnl+fTBMj92jA=",
      "requires": {
        "@vue/reactivity": "3.2.11",
        "@vue/shared": "3.2.11"
      }
    },
    "@vue/runtime-dom": {
      "version": "3.2.11",
      "resolved": "https://registry.nlark.com/@vue/runtime-dom/download/@vue/runtime-dom-3.2.11.tgz?cache=0&sync_timestamp=1631142356576&other_urls=https%3A%2F%2Fregistry.nlark.com%2F%40vue%2Fruntime-dom%2Fdownload%2F%40vue%2Fruntime-dom-3.2.11.tgz",
      "integrity": "sha1-BPkFSp5kvfFWwvwiytZ8+qi4RhY=",
      "requires": {
        "@vue/runtime-core": "3.2.11",
        "@vue/shared": "3.2.11",
        "csstype": "^2.6.8"
      }
    },
    "@vue/shared": {
      "version": "3.2.11",
      "resolved": "https://registry.nlark.com/@vue/shared/download/@vue/shared-3.2.11.tgz?cache=0&sync_timestamp=1631141987851&other_urls=https%3A%2F%2Fregistry.nlark.com%2F%40vue%2Fshared%2Fdownload%2F%40vue%2Fshared-3.2.11.tgz",
      "integrity": "sha1-AYmfVJScrxrCQd45e9FwaWMldN4="
    },
    "anymatch": {
      "version": "3.1.2",
      "resolved": "https://registry.npm.taobao.org/anymatch/download/anymatch-3.1.2.tgz",
      "integrity": "sha1-wFV8CWrzLxBhmPT04qODU343hxY=",
      "requires": {
        "normalize-path": "^3.0.0",
        "picomatch": "^2.0.4"
      }
    },
    "axios": {
      "version": "0.21.4",
      "resolved": "https://registry.nlark.com/axios/download/axios-0.21.4.tgz?cache=0&sync_timestamp=1630942656836&other_urls=https%3A%2F%2Fregistry.nlark.com%2Faxios%2Fdownload%2Faxios-0.21.4.tgz",
      "integrity": "sha1-xnuQ3AVo5cHPKwuFjEO6KOLtpXU=",
      "requires": {
        "follow-redirects": "^1.14.0"
      }
    },
    "better-scroll": {
      "version": "2.4.2",
      "resolved": "https://registry.nlark.com/better-scroll/download/better-scroll-2.4.2.tgz?cache=0&sync_timestamp=1627912685660&other_urls=https%3A%2F%2Fregistry.nlark.com%2Fbetter-scroll%2Fdownload%2Fbetter-scroll-2.4.2.tgz",
      "integrity": "sha1-dJaxQxDu2WnaTbX/H6M+oDLU7xg=",
      "requires": {
        "@better-scroll/core": "^2.4.2",
        "@better-scroll/indicators": "^2.4.2",
        "@better-scroll/infinity": "^2.4.2",
        "@better-scroll/mouse-wheel": "^2.4.2",
        "@better-scroll/movable": "^2.4.2",
        "@better-scroll/nested-scroll": "^2.4.2",
        "@better-scroll/observe-dom": "^2.4.2",
        "@better-scroll/observe-image": "^2.4.2",
        "@better-scroll/pull-down": "^2.4.2",
        "@better-scroll/pull-up": "^2.4.2",
        "@better-scroll/scroll-bar": "^2.4.2",
        "@better-scroll/slide": "^2.4.2",
        "@better-scroll/wheel": "^2.4.2",
        "@better-scroll/zoom": "^2.4.2"
      }
    },
    "big.js": {
      "version": "5.2.2",
      "resolved": "https://registry.nlark.com/big.js/download/big.js-5.2.2.tgz",
      "integrity": "sha1-ZfCvOC9Xi83HQr2cKB6cstd2gyg=",
      "dev": true
    },
    "binary-extensions": {
      "version": "2.2.0",
      "resolved": "https://registry.npm.taobao.org/binary-extensions/download/binary-extensions-2.2.0.tgz?cache=0&sync_timestamp=1610299640881&other_urls=https%3A%2F%2Fregistry.npm.taobao.org%2Fbinary-extensions%2Fdownload%2Fbinary-extensions-2.2.0.tgz",
      "integrity": "sha1-dfUC7q+f/eQvyYgpZFvk6na9ni0="
    },
    "bluebird": {
      "version": "3.7.2",
      "resolved": "https://registry.npm.taobao.org/bluebird/download/bluebird-3.7.2.tgz",
      "integrity": "sha1-nyKcFb4nJFT/qXOs4NvueaGww28=",
      "dev": true
    },
    "braces": {
      "version": "3.0.2",
      "resolved": "https://registry.npm.taobao.org/braces/download/braces-3.0.2.tgz",
      "integrity": "sha1-NFThpGLujVmeI23zNs2epPiv4Qc=",
      "requires": {
        "fill-range": "^7.0.1"
      }
    },
    "chokidar": {
      "version": "3.5.2",
      "resolved": "https://registry.nlark.com/chokidar/download/chokidar-3.5.2.tgz",
      "integrity": "sha1-26OXb8rbAW9m/TZQIdkWANAcHnU=",
      "requires": {
        "anymatch": "~3.1.2",
        "braces": "~3.0.2",
        "fsevents": "~2.3.2",
        "glob-parent": "~5.1.2",
        "is-binary-path": "~2.1.0",
        "is-glob": "~4.0.1",
        "normalize-path": "~3.0.0",
        "readdirp": "~3.6.0"
      }
    },
    "colorette": {
      "version": "1.4.0",
      "resolved": "https://registry.nlark.com/colorette/download/colorette-1.4.0.tgz",
      "integrity": "sha1-UZD7uHJ2JZqGrXAL/yxtb6o/ykA=",
      "dev": true
    },
    "components": {
      "version": "0.1.0",
      "resolved": "https://registry.npm.taobao.org/components/download/components-0.1.0.tgz",
      "integrity": "sha1-IFfAjpx78mYv7slcSeX/Kpq4XtU="
    },
    "consolidate": {
      "version": "0.16.0",
      "resolved": "https://registry.nlark.com/consolidate/download/consolidate-0.16.0.tgz",
      "integrity": "sha1-oRhkdokw8vGUMWYKZZBmaPX73BY=",
      "dev": true,
      "requires": {
        "bluebird": "^3.7.2"
      }
    },
    "copy-anything": {
      "version": "2.0.3",
      "resolved": "https://registry.npm.taobao.org/copy-anything/download/copy-anything-2.0.3.tgz",
      "integrity": "sha1-hCQHugJGaw34RIGbvjuuu+XUXYc=",
      "dev": true,
      "requires": {
        "is-what": "^3.12.0"
      }
    },
    "cssesc": {
      "version": "3.0.0",
      "resolved": "https://registry.npm.taobao.org/cssesc/download/cssesc-3.0.0.tgz",
      "integrity": "sha1-N3QZGZA7hoVl4cCep0dEXNGJg+4=",
      "dev": true
    },
    "csstype": {
      "version": "2.6.18",
      "resolved": "https://registry.nlark.com/csstype/download/csstype-2.6.18.tgz?cache=0&sync_timestamp=1631540782346&other_urls=https%3A%2F%2Fregistry.nlark.com%2Fcsstype%2Fdownload%2Fcsstype-2.6.18.tgz",
      "integrity": "sha1-mAqLUwhfNK8xNBCvBk8r0kF4Qhg="
    },
    "debug": {
      "version": "3.2.7",
      "resolved": "https://registry.nlark.com/debug/download/debug-3.2.7.tgz?cache=0&other_urls=https%3A%2F%2Fregistry.nlark.com%2Fdebug%2Fdownload%2Fdebug-3.2.7.tgz",
      "integrity": "sha1-clgLfpFF+zm2Z2+cXl+xALk0F5o=",
      "dev": true,
      "optional": true,
      "requires": {
        "ms": "^2.1.1"
      }
    },
    "dom7": {
      "version": "4.0.0",
      "resolved": "https://registry.nlark.com/dom7/download/dom7-4.0.0.tgz?cache=0&sync_timestamp=1629879453685&other_urls=https%3A%2F%2Fregistry.nlark.com%2Fdom7%2Fdownload%2Fdom7-4.0.0.tgz",
      "integrity": "sha1-acj7mxcMktZPOF/cN/gUVugrgKE=",
      "requires": {
        "ssr-window": "^4.0.0"
      }
    },
    "echarts": {
      "version": "4.0.4",
      "resolved": "https://registry.npmmirror.com/echarts/download/echarts-4.0.4.tgz",
      "integrity": "sha1-NqqKR9M1Q9Pf5qe8Eijdw6HkEVc=",
      "requires": {
        "zrender": "4.0.3"
      }
    },
    "echarts-amap": {
      "version": "1.0.0-rc.6",
      "resolved": "https://registry.nlark.com/echarts-amap/download/echarts-amap-1.0.0-rc.6.tgz",
      "integrity": "sha1-V4KnTa7lLtRM4/j2JXdWF4PwnhY="
    },
    "emojis-list": {
      "version": "3.0.0",
      "resolved": "https://registry.nlark.com/emojis-list/download/emojis-list-3.0.0.tgz",
      "integrity": "sha1-VXBmIEatKeLpFucariYKvf9Pang=",
      "dev": true
    },
    "errno": {
      "version": "0.1.8",
      "resolved": "https://registry.npm.taobao.org/errno/download/errno-0.1.8.tgz",
      "integrity": "sha1-i7Ppx9Rjvkl2/4iPdrSAnrwugR8=",
      "dev": true,
      "optional": true,
      "requires": {
        "prr": "~1.0.1"
      }
    },
    "esbuild": {
      "version": "0.12.28",
      "resolved": "https://registry.nlark.com/esbuild/download/esbuild-0.12.28.tgz?cache=0&sync_timestamp=1631587409501&other_urls=https%3A%2F%2Fregistry.nlark.com%2Fesbuild%2Fdownload%2Fesbuild-0.12.28.tgz",
      "integrity": "sha1-hNoNKg0N7hgSgVRSceDWXPb6se8=",
      "dev": true
    },
    "estree-walker": {
      "version": "2.0.2",
      "resolved": "https://registry.npm.taobao.org/estree-walker/download/estree-walker-2.0.2.tgz",
      "integrity": "sha1-UvAQF4wqTBF6d1fP6UKtt9LaTKw="
    },
    "fill-range": {
      "version": "7.0.1",
      "resolved": "https://registry.npm.taobao.org/fill-range/download/fill-range-7.0.1.tgz",
      "integrity": "sha1-GRmmp8df44ssfHflGYU12prN2kA=",
      "requires": {
        "to-regex-range": "^5.0.1"
      }
    },
    "follow-redirects": {
      "version": "1.14.4",
      "resolved": "https://registry.nlark.com/follow-redirects/download/follow-redirects-1.14.4.tgz?cache=0&sync_timestamp=1631622129411&other_urls=https%3A%2F%2Fregistry.nlark.com%2Ffollow-redirects%2Fdownload%2Ffollow-redirects-1.14.4.tgz",
      "integrity": "sha1-g4/fSKi73XnlLuUfsclOPtmLk3k="
    },
    "fsevents": {
      "version": "2.3.2",
      "resolved": "https://registry.npm.taobao.org/fsevents/download/fsevents-2.3.2.tgz?cache=0&sync_timestamp=1612536422255&other_urls=https%3A%2F%2Fregistry.npm.taobao.org%2Ffsevents%2Fdownload%2Ffsevents-2.3.2.tgz",
      "integrity": "sha1-ilJveLj99GI7cJ4Ll1xSwkwC/Ro=",
      "optional": true
    },
    "function-bind": {
      "version": "1.1.1",
      "resolved": "https://registry.npm.taobao.org/function-bind/download/function-bind-1.1.1.tgz",
      "integrity": "sha1-pWiZ0+o8m6uHS7l3O3xe3pL0iV0=",
      "dev": true
    },
    "generic-names": {
      "version": "2.0.1",
      "resolved": "https://registry.nlark.com/generic-names/download/generic-names-2.0.1.tgz",
      "integrity": "sha1-+KN46tLMqno08DF7BVVIMq5BuHI=",
      "dev": true,
      "requires": {
        "loader-utils": "^1.1.0"
      }
    },
    "glob-parent": {
      "version": "5.1.2",
      "resolved": "https://registry.npmmirror.com/glob-parent/download/glob-parent-5.1.2.tgz",
      "integrity": "sha1-hpgyxYA0/mikCTwX3BXoNA2EAcQ=",
      "requires": {
        "is-glob": "^4.0.1"
      }
    },
    "graceful-fs": {
      "version": "4.2.8",
      "resolved": "https://registry.nlark.com/graceful-fs/download/graceful-fs-4.2.8.tgz?cache=0&sync_timestamp=1628194078324&other_urls=https%3A%2F%2Fregistry.nlark.com%2Fgraceful-fs%2Fdownload%2Fgraceful-fs-4.2.8.tgz",
      "integrity": "sha1-5BK40z9eAGWTy9PO5t+fLOu+gCo=",
      "dev": true,
      "optional": true
    },
    "has": {
      "version": "1.0.3",
      "resolved": "https://registry.npm.taobao.org/has/download/has-1.0.3.tgz",
      "integrity": "sha1-ci18v8H2qoJB8W3YFOAR4fQeh5Y=",
      "dev": true,
      "requires": {
        "function-bind": "^1.1.1"
      }
    },
    "hash-sum": {
      "version": "2.0.0",
      "resolved": "https://registry.nlark.com/hash-sum/download/hash-sum-2.0.0.tgz",
      "integrity": "sha1-gdAbtd6OpKIUrV1urRtSNGCwtFo=",
      "dev": true
    },
    "iconv-lite": {
      "version": "0.4.24",
      "resolved": "https://registry.nlark.com/iconv-lite/download/iconv-lite-0.4.24.tgz",
      "integrity": "sha1-ICK0sl+93CHS9SSXSkdKr+czkIs=",
      "dev": true,
      "optional": true,
      "requires": {
        "safer-buffer": ">= 2.1.2 < 3"
      }
    },
    "icss-replace-symbols": {
      "version": "1.1.0",
      "resolved": "https://registry.npm.taobao.org/icss-replace-symbols/download/icss-replace-symbols-1.1.0.tgz",
      "integrity": "sha1-Bupvg2ead0njhs/h/oEq5dsiPe0=",
      "dev": true
    },
    "icss-utils": {
      "version": "5.1.0",
      "resolved": "https://registry.npm.taobao.org/icss-utils/download/icss-utils-5.1.0.tgz?cache=0&sync_timestamp=1605801312995&other_urls=https%3A%2F%2Fregistry.npm.taobao.org%2Ficss-utils%2Fdownload%2Ficss-utils-5.1.0.tgz",
      "integrity": "sha1-xr5oWKvQE9do6YNmrkfiXViHsa4=",
      "dev": true
    },
    "image-size": {
      "version": "0.5.5",
      "resolved": "https://registry.npm.taobao.org/image-size/download/image-size-0.5.5.tgz",
      "integrity": "sha1-Cd/Uq50g4p6xw+gLiZA3jfnjy5w=",
      "dev": true,
      "optional": true
    },
    "is-binary-path": {
      "version": "2.1.0",
      "resolved": "https://registry.npm.taobao.org/is-binary-path/download/is-binary-path-2.1.0.tgz",
      "integrity": "sha1-6h9/O4DwZCNug0cPhsCcJU+0Wwk=",
      "requires": {
        "binary-extensions": "^2.0.0"
      }
    },
    "is-core-module": {
      "version": "2.6.0",
      "resolved": "https://registry.nlark.com/is-core-module/download/is-core-module-2.6.0.tgz?cache=0&sync_timestamp=1629224656971&other_urls=https%3A%2F%2Fregistry.nlark.com%2Fis-core-module%2Fdownload%2Fis-core-module-2.6.0.tgz",
      "integrity": "sha1-11U7JSb+Wbkro+QMjfdX7Ipwnhk=",
      "dev": true,
      "requires": {
        "has": "^1.0.3"
      }
    },
    "is-extglob": {
      "version": "2.1.1",
      "resolved": "https://registry.npm.taobao.org/is-extglob/download/is-extglob-2.1.1.tgz",
      "integrity": "sha1-qIwCU1eR8C7TfHahueqXc8gz+MI="
    },
    "is-glob": {
      "version": "4.0.3",
      "resolved": "https://registry.npmmirror.com/is-glob/download/is-glob-4.0.3.tgz",
      "integrity": "sha1-ZPYeQsu7LuwgcanawLKLoeZdUIQ=",
      "requires": {
        "is-extglob": "^2.1.1"
      }
    },
    "is-number": {
      "version": "7.0.0",
      "resolved": "https://registry.npm.taobao.org/is-number/download/is-number-7.0.0.tgz",
      "integrity": "sha1-dTU0W4lnNNX4DE0GxQlVUnoU8Ss="
    },
    "is-what": {
      "version": "3.14.1",
      "resolved": "https://registry.npm.taobao.org/is-what/download/is-what-3.14.1.tgz?cache=0&sync_timestamp=1615169735707&other_urls=https%3A%2F%2Fregistry.npm.taobao.org%2Fis-what%2Fdownload%2Fis-what-3.14.1.tgz",
      "integrity": "sha1-4SIvRt3ahd6tD9HJ3xMXYOd3VcE=",
      "dev": true
    },
    "json5": {
      "version": "1.0.1",
      "resolved": "https://registry.npm.taobao.org/json5/download/json5-1.0.1.tgz",
      "integrity": "sha1-d5+wAYYE+oVOrL9iUhgNg1Q+Pb4=",
      "dev": true,
      "requires": {
        "minimist": "^1.2.0"
      }
    },
    "klona": {
      "version": "2.0.4",
      "resolved": "https://registry.nlark.com/klona/download/klona-2.0.4.tgz",
      "integrity": "sha1-e7Hjr/sMuGJFR+9+j2cI6i4538A="
    },
    "less": {
      "version": "4.1.1",
      "resolved": "https://registry.npm.taobao.org/less/download/less-4.1.1.tgz",
      "integrity": "sha1-Fb8lOpk5eR3GkIiMP/Qk8+bH7bo=",
      "dev": true,
      "requires": {
        "copy-anything": "^2.0.1",
        "errno": "^0.1.1",
        "graceful-fs": "^4.1.2",
        "image-size": "~0.5.0",
        "make-dir": "^2.1.0",
        "mime": "^1.4.1",
        "needle": "^2.5.2",
        "parse-node-version": "^1.0.1",
        "source-map": "~0.6.0",
        "tslib": "^1.10.0"
      }
    },
    "less-loader": {
      "version": "10.0.1",
      "resolved": "https://registry.nlark.com/less-loader/download/less-loader-10.0.1.tgz?cache=0&sync_timestamp=1625230463215&other_urls=https%3A%2F%2Fregistry.nlark.com%2Fless-loader%2Fdownload%2Fless-loader-10.0.1.tgz",
      "integrity": "sha1-wFqrpo0AQAggJ18hwq2Hy5+pkj8=",
      "requires": {
        "klona": "^2.0.4"
      }
    },
    "loader-utils": {
      "version": "1.4.0",
      "resolved": "https://registry.npm.taobao.org/loader-utils/download/loader-utils-1.4.0.tgz",
      "integrity": "sha1-xXm140yzSxp07cbB+za/o3HVphM=",
      "dev": true,
      "requires": {
        "big.js": "^5.2.2",
        "emojis-list": "^3.0.0",
        "json5": "^1.0.1"
      }
    },
    "lodash.camelcase": {
      "version": "4.3.0",
      "resolved": "https://registry.npm.taobao.org/lodash.camelcase/download/lodash.camelcase-4.3.0.tgz?cache=0&sync_timestamp=1577806297529&other_urls=https%3A%2F%2Fregistry.npm.taobao.org%2Flodash.camelcase%2Fdownload%2Flodash.camelcase-4.3.0.tgz",
      "integrity": "sha1-soqmKIorn8ZRA1x3EfZathkDMaY=",
      "dev": true
    },
    "lru-cache": {
      "version": "5.1.1",
      "resolved": "https://registry.npm.taobao.org/lru-cache/download/lru-cache-5.1.1.tgz",
      "integrity": "sha1-HaJ+ZxAnGUdpXa9oSOhH8B2EuSA=",
      "dev": true,
      "requires": {
        "yallist": "^3.0.2"
      }
    },
    "magic-string": {
      "version": "0.25.7",
      "resolved": "https://registry.npm.taobao.org/magic-string/download/magic-string-0.25.7.tgz",
      "integrity": "sha1-P0l9b9NMZpxnmNy4IfLvMfVEUFE=",
      "dev": true,
      "requires": {
        "sourcemap-codec": "^1.4.4"
      }
    },
    "make-dir": {
      "version": "2.1.0",
      "resolved": "https://registry.npm.taobao.org/make-dir/download/make-dir-2.1.0.tgz",
      "integrity": "sha1-XwMQ4YuL6JjMBwCSlaMK5B6R5vU=",
      "dev": true,
      "optional": true,
      "requires": {
        "pify": "^4.0.1",
        "semver": "^5.6.0"
      }
    },
    "merge-source-map": {
      "version": "1.1.0",
      "resolved": "https://registry.npm.taobao.org/merge-source-map/download/merge-source-map-1.1.0.tgz",
      "integrity": "sha1-L93n5gIJOfcJBqaPLXrmheTIxkY=",
      "dev": true,
      "requires": {
        "source-map": "^0.6.1"
      }
    },
    "mime": {
      "version": "1.6.0",
      "resolved": "https://registry.nlark.com/mime/download/mime-1.6.0.tgz",
      "integrity": "sha1-Ms2eXGRVO9WNGaVor0Uqz/BJgbE=",
      "dev": true,
      "optional": true
    },
    "minimist": {
      "version": "1.2.5",
      "resolved": "https://registry.npm.taobao.org/minimist/download/minimist-1.2.5.tgz",
      "integrity": "sha1-Z9ZgFLZqaoqqDAg8X9WN9OTpdgI=",
      "dev": true
    },
    "mitt": {
      "version": "3.0.0",
      "resolved": "https://registry.nlark.com/mitt/download/mitt-3.0.0.tgz?cache=0&sync_timestamp=1624481394885&other_urls=https%3A%2F%2Fregistry.nlark.com%2Fmitt%2Fdownload%2Fmitt-3.0.0.tgz",
      "integrity": "sha1-ae+b1cgP9vV0c+jYkybQHEFL4L0="
    },
    "ms": {
      "version": "2.1.3",
      "resolved": "https://registry.nlark.com/ms/download/ms-2.1.3.tgz",
      "integrity": "sha1-V0yBOM4dK1hh8LRFedut1gxmFbI=",
      "dev": true,
      "optional": true
    },
    "nanoid": {
      "version": "3.1.25",
      "resolved": "https://registry.nlark.com/nanoid/download/nanoid-3.1.25.tgz?cache=0&sync_timestamp=1628771925127&other_urls=https%3A%2F%2Fregistry.nlark.com%2Fnanoid%2Fdownload%2Fnanoid-3.1.25.tgz",
      "integrity": "sha1-CcoydHwOVD8OGBS303k0d/nI4VI=",
      "dev": true
    },
    "needle": {
      "version": "2.9.1",
      "resolved": "https://registry.nlark.com/needle/download/needle-2.9.1.tgz?cache=0&sync_timestamp=1630674795023&other_urls=https%3A%2F%2Fregistry.nlark.com%2Fneedle%2Fdownload%2Fneedle-2.9.1.tgz",
      "integrity": "sha1-ItHf++NJDCuD4wH3cJtnNs2PJoQ=",
      "dev": true,
      "optional": true,
      "requires": {
        "debug": "^3.2.6",
        "iconv-lite": "^0.4.4",
        "sax": "^1.2.4"
      }
    },
    "normalize-path": {
      "version": "3.0.0",
      "resolved": "https://registry.npm.taobao.org/normalize-path/download/normalize-path-3.0.0.tgz",
      "integrity": "sha1-Dc1p/yOhybEf0JeDFmRKA4ghamU="
    },
    "ometa": {
      "version": "0.2.2",
      "resolved": "https://registry.npm.taobao.org/ometa/download/ometa-0.2.2.tgz",
      "integrity": "sha1-9TxHNbptVq9aRrBN+3xDNMWW1E4="
    },
    "parse-node-version": {
      "version": "1.0.1",
      "resolved": "https://registry.npm.taobao.org/parse-node-version/download/parse-node-version-1.0.1.tgz",
      "integrity": "sha1-4rXb7eAOf6m8NjYH9TMn6LBzGJs=",
      "dev": true
    },
    "path-parse": {
      "version": "1.0.7",
      "resolved": "https://registry.nlark.com/path-parse/download/path-parse-1.0.7.tgz",
      "integrity": "sha1-+8EUtgykKzDZ2vWFjkvWi77bZzU=",
      "dev": true
    },
    "picomatch": {
      "version": "2.3.0",
      "resolved": "https://registry.nlark.com/picomatch/download/picomatch-2.3.0.tgz",
      "integrity": "sha1-8fBh3o9qS/AiiS4tEoI0+5gwKXI="
    },
    "pify": {
      "version": "4.0.1",
      "resolved": "https://registry.npm.taobao.org/pify/download/pify-4.0.1.tgz",
      "integrity": "sha1-SyzSXFDVmHNcUCkiJP2MbfQeMjE=",
      "dev": true,
      "optional": true
    },
    "postcss": {
      "version": "8.3.6",
      "resolved": "https://registry.nlark.com/postcss/download/postcss-8.3.6.tgz?cache=0&sync_timestamp=1626882933935&other_urls=https%3A%2F%2Fregistry.nlark.com%2Fpostcss%2Fdownload%2Fpostcss-8.3.6.tgz",
      "integrity": "sha1-JzDddql5afN/U7mmCWGXvjEcxOo=",
      "dev": true,
      "requires": {
        "colorette": "^1.2.2",
        "nanoid": "^3.1.23",
        "source-map-js": "^0.6.2"
      }
    },
    "postcss-modules": {
      "version": "4.2.2",
      "resolved": "https://registry.nlark.com/postcss-modules/download/postcss-modules-4.2.2.tgz?cache=0&sync_timestamp=1627039417896&other_urls=https%3A%2F%2Fregistry.nlark.com%2Fpostcss-modules%2Fdownload%2Fpostcss-modules-4.2.2.tgz",
      "integrity": "sha1-Xnd3xaiWTqF2kZ2QsuVO+JEyHOU=",
      "dev": true,
      "requires": {
        "generic-names": "^2.0.1",
        "icss-replace-symbols": "^1.1.0",
        "lodash.camelcase": "^4.3.0",
        "postcss-modules-extract-imports": "^3.0.0",
        "postcss-modules-local-by-default": "^4.0.0",
        "postcss-modules-scope": "^3.0.0",
        "postcss-modules-values": "^4.0.0",
        "string-hash": "^1.1.1"
      }
    },
    "postcss-modules-extract-imports": {
      "version": "3.0.0",
      "resolved": "https://registry.npm.taobao.org/postcss-modules-extract-imports/download/postcss-modules-extract-imports-3.0.0.tgz",
      "integrity": "sha1-zaHwR8CugMl9vijD52pDuIAldB0=",
      "dev": true
    },
    "postcss-modules-local-by-default": {
      "version": "4.0.0",
      "resolved": "https://registry.npm.taobao.org/postcss-modules-local-by-default/download/postcss-modules-local-by-default-4.0.0.tgz",
      "integrity": "sha1-67tU+uFZjuz99pGgKz/zs5ClpRw=",
      "dev": true,
      "requires": {
        "icss-utils": "^5.0.0",
        "postcss-selector-parser": "^6.0.2",
        "postcss-value-parser": "^4.1.0"
      }
    },
    "postcss-modules-scope": {
      "version": "3.0.0",
      "resolved": "https://registry.npm.taobao.org/postcss-modules-scope/download/postcss-modules-scope-3.0.0.tgz",
      "integrity": "sha1-nvMVFFbTu/oSDKRImN/Kby+gHwY=",
      "dev": true,
      "requires": {
        "postcss-selector-parser": "^6.0.4"
      }
    },
    "postcss-modules-values": {
      "version": "4.0.0",
      "resolved": "https://registry.npm.taobao.org/postcss-modules-values/download/postcss-modules-values-4.0.0.tgz",
      "integrity": "sha1-18Xn5ow7s8myfL9Iyguz/7RgLJw=",
      "dev": true,
      "requires": {
        "icss-utils": "^5.0.0"
      }
    },
    "postcss-selector-parser": {
      "version": "6.0.6",
      "resolved": "https://registry.nlark.com/postcss-selector-parser/download/postcss-selector-parser-6.0.6.tgz?cache=0&sync_timestamp=1620752924836&other_urls=https%3A%2F%2Fregistry.nlark.com%2Fpostcss-selector-parser%2Fdownload%2Fpostcss-selector-parser-6.0.6.tgz",
      "integrity": "sha1-LFu6gXSsL2mBq2MaQqsO5UrzMuo=",
      "dev": true,
      "requires": {
        "cssesc": "^3.0.0",
        "util-deprecate": "^1.0.2"
      }
    },
    "postcss-value-parser": {
      "version": "4.1.0",
      "resolved": "https://registry.npm.taobao.org/postcss-value-parser/download/postcss-value-parser-4.1.0.tgz",
      "integrity": "sha1-RD9qIM7WSBor2k+oUypuVdeJoss=",
      "dev": true
    },
    "prr": {
      "version": "1.0.1",
      "resolved": "https://registry.npm.taobao.org/prr/download/prr-1.0.1.tgz",
      "integrity": "sha1-0/wRS6BplaRexok/SEzrHXj19HY=",
      "dev": true,
      "optional": true
    },
    "readdirp": {
      "version": "3.6.0",
      "resolved": "https://registry.nlark.com/readdirp/download/readdirp-3.6.0.tgz",
      "integrity": "sha1-dKNwvYVxFuJFspzJc0DNQxoCpsc=",
      "requires": {
        "picomatch": "^2.2.1"
      }
    },
    "resolve": {
      "version": "1.20.0",
      "resolved": "https://registry.npm.taobao.org/resolve/download/resolve-1.20.0.tgz?cache=0&sync_timestamp=1613054862388&other_urls=https%3A%2F%2Fregistry.npm.taobao.org%2Fresolve%2Fdownload%2Fresolve-1.20.0.tgz",
      "integrity": "sha1-YpoBP7P3B1XW8LeTXMHCxTeLGXU=",
      "dev": true,
      "requires": {
        "is-core-module": "^2.2.0",
        "path-parse": "^1.0.6"
      }
    },
    "rollup": {
      "version": "2.56.3",
      "resolved": "https://registry.nlark.com/rollup/download/rollup-2.56.3.tgz?cache=0&sync_timestamp=1629695540410&other_urls=https%3A%2F%2Fregistry.nlark.com%2Frollup%2Fdownload%2Frollup-2.56.3.tgz",
      "integrity": "sha1-tj7a3ZhRsNYYptDmr4IBlVp3rv8=",
      "dev": true,
      "requires": {
        "fsevents": "~2.3.2"
      }
    },
    "safer-buffer": {
      "version": "2.1.2",
      "resolved": "https://registry.npm.taobao.org/safer-buffer/download/safer-buffer-2.1.2.tgz",
      "integrity": "sha1-RPoWGwGHuVSd2Eu5GAL5vYOFzWo=",
      "dev": true,
      "optional": true
    },
    "sass": {
      "version": "1.42.1",
      "resolved": "https://registry.nlark.com/sass/download/sass-1.42.1.tgz?cache=0&sync_timestamp=1632295808177&other_urls=https%3A%2F%2Fregistry.nlark.com%2Fsass%2Fdownload%2Fsass-1.42.1.tgz",
      "integrity": "sha1-WrF768HLGIGtLgyakyxmrWTkQeI=",
      "requires": {
        "chokidar": ">=3.0.0 <4.0.0"
      }
    },
    "sax": {
      "version": "1.2.4",
      "resolved": "https://registry.npm.taobao.org/sax/download/sax-1.2.4.tgz",
      "integrity": "sha1-KBYjTiN4vdxOU1T6tcqold9xANk=",
      "dev": true,
      "optional": true
    },
    "scss": {
      "version": "0.2.4",
      "resolved": "https://registry.npm.taobao.org/scss/download/scss-0.2.4.tgz",
      "integrity": "sha1-BA2QPtN8XU+krTOuH9OJrBKk4GU=",
      "requires": {
        "ometa": "0.2.2"
      }
    },
    "semver": {
      "version": "5.7.1",
      "resolved": "https://registry.nlark.com/semver/download/semver-5.7.1.tgz",
      "integrity": "sha1-qVT5Ma66UI0we78Gnv8MAclhFvc=",
      "dev": true,
      "optional": true
    },
    "source-map": {
      "version": "0.6.1",
      "resolved": "https://registry.npm.taobao.org/source-map/download/source-map-0.6.1.tgz",
      "integrity": "sha1-dHIq8y6WFOnCh6jQu95IteLxomM="
    },
    "source-map-js": {
      "version": "0.6.2",
      "resolved": "https://registry.npm.taobao.org/source-map-js/download/source-map-js-0.6.2.tgz",
      "integrity": "sha1-C7XeYxtBz72mz7qL0FqA79/SOF4=",
      "dev": true
    },
    "sourcemap-codec": {
      "version": "1.4.8",
      "resolved": "https://registry.npm.taobao.org/sourcemap-codec/download/sourcemap-codec-1.4.8.tgz",
      "integrity": "sha1-6oBL2UhXQC5pktBaOO8a41qatMQ=",
      "dev": true
    },
    "ssr-window": {
      "version": "4.0.0",
      "resolved": "https://registry.nlark.com/ssr-window/download/ssr-window-4.0.0.tgz?cache=0&sync_timestamp=1629879256060&other_urls=https%3A%2F%2Fregistry.nlark.com%2Fssr-window%2Fdownload%2Fssr-window-4.0.0.tgz",
      "integrity": "sha1-Tugvw2DF+IoCLzIXQLz+xZraGmE="
    },
    "string-hash": {
      "version": "1.1.3",
      "resolved": "https://registry.npm.taobao.org/string-hash/download/string-hash-1.1.3.tgz",
      "integrity": "sha1-6Kr8CsGFW0Zmkp7X3RJ1311sgRs=",
      "dev": true
    },
    "swiper": {
      "version": "7.0.6",
      "resolved": "https://registry.nlark.com/swiper/download/swiper-7.0.6.tgz",
      "integrity": "sha1-pyce1csFu2aB9+2FXppry21J+ak=",
      "requires": {
        "dom7": "^4.0.0",
        "ssr-window": "^4.0.0"
      }
    },
    "to-fast-properties": {
      "version": "2.0.0",
      "resolved": "https://registry.nlark.com/to-fast-properties/download/to-fast-properties-2.0.0.tgz?cache=0&sync_timestamp=1628418893613&other_urls=https%3A%2F%2Fregistry.nlark.com%2Fto-fast-properties%2Fdownload%2Fto-fast-properties-2.0.0.tgz",
      "integrity": "sha1-3F5pjL0HkmW8c+A3doGk5Og/YW4="
    },
    "to-regex-range": {
      "version": "5.0.1",
      "resolved": "https://registry.nlark.com/to-regex-range/download/to-regex-range-5.0.1.tgz",
      "integrity": "sha1-FkjESq58jZiKMmAY7XL1tN0DkuQ=",
      "requires": {
        "is-number": "^7.0.0"
      }
    },
    "tslib": {
      "version": "1.14.1",
      "resolved": "https://registry.nlark.com/tslib/download/tslib-1.14.1.tgz?cache=0&sync_timestamp=1628722556410&other_urls=https%3A%2F%2Fregistry.nlark.com%2Ftslib%2Fdownload%2Ftslib-1.14.1.tgz",
      "integrity": "sha1-zy04vcNKE0vK8QkcQfZhni9nLQA=",
      "dev": true
    },
    "util-deprecate": {
      "version": "1.0.2",
      "resolved": "https://registry.npm.taobao.org/util-deprecate/download/util-deprecate-1.0.2.tgz?cache=0&other_urls=https%3A%2F%2Fregistry.npm.taobao.org%2Futil-deprecate%2Fdownload%2Futil-deprecate-1.0.2.tgz",
      "integrity": "sha1-RQ1Nyfpw3nMnYvvS1KKJgUGaDM8=",
      "dev": true
    },
    "v-charts": {
      "version": "1.16.10",
      "resolved": "https://registry.npm.taobao.org/v-charts/download/v-charts-1.16.10.tgz",
      "integrity": "sha1-b0PyeXSF1iPM5aHhHaL2VDrq0Lo=",
      "requires": {
        "echarts-amap": "^1.0.0-rc.6"
      }
    },
    "vite": {
      "version": "2.5.7",
      "resolved": "https://registry.nlark.com/vite/download/vite-2.5.7.tgz",
      "integrity": "sha1-5JW+nYvL+dMMcUHv3MrN50buASU=",
      "dev": true,
      "requires": {
        "esbuild": "^0.12.17",
        "fsevents": "~2.3.2",
        "postcss": "^8.3.6",
        "resolve": "^1.20.0",
        "rollup": "^2.38.5"
      }
    },
    "vue": {
      "version": "3.2.11",
      "resolved": "https://registry.nlark.com/vue/download/vue-3.2.11.tgz?cache=0&sync_timestamp=1631141957211&other_urls=https%3A%2F%2Fregistry.nlark.com%2Fvue%2Fdownload%2Fvue-3.2.11.tgz",
      "integrity": "sha1-a5IpUEjfcF3axVj9Pj7VU+VeV8g=",
      "requires": {
        "@vue/compiler-dom": "3.2.11",
        "@vue/runtime-dom": "3.2.11",
        "@vue/shared": "3.2.11"
      }
    },
    "vue-router": {
      "version": "4.0.11",
      "resolved": "https://registry.nlark.com/vue-router/download/vue-router-4.0.11.tgz?cache=0&sync_timestamp=1628495505697&other_urls=https%3A%2F%2Fregistry.nlark.com%2Fvue-router%2Fdownload%2Fvue-router-4.0.11.tgz",
      "integrity": "sha1-zWSaCUHGNSgXY6IJZbWZZD3caO0=",
      "requires": {
        "@vue/devtools-api": "^6.0.0-beta.14"
      }
    },
    "vuex": {
      "version": "4.0.2",
      "resolved": "https://registry.nlark.com/vuex/download/vuex-4.0.2.tgz?cache=0&other_urls=https%3A%2F%2Fregistry.nlark.com%2Fvuex%2Fdownload%2Fvuex-4.0.2.tgz",
      "integrity": "sha1-+Jbb1b8qDpY/AMZ+m2EN50nMrMk=",
      "requires": {
        "@vue/devtools-api": "^6.0.0-beta.11"
      }
    },
    "yallist": {
      "version": "3.1.1",
      "resolved": "https://registry.npm.taobao.org/yallist/download/yallist-3.1.1.tgz",
      "integrity": "sha1-27fa+b/YusmrRev2ArjLrQ1dCP0=",
      "dev": true
    },
    "zrender": {
      "version": "4.0.3",
      "resolved": "https://registry.nlark.com/zrender/download/zrender-4.0.3.tgz",
      "integrity": "sha1-gB7wARAXUKYYV/hOZMTV+zyIzKc="
    }
  }
}
